
Microsoft Visual Studio Solution File, Format Version 12.00
# Visual Studio 15
VisualStudioVersion = 15.0.27004.2009
MinimumVisualStudioVersion = 10.0.40219.1
Project("{FAE04EC0-301F-11D3-BF4B-00C04F79EFBC}") = "MovieHub.Api", "MovieHub\MovieHub.Api.csproj", "{0FDF6C54-4FFB-49C9-97DF-2DD1BB2AF936}"
EndProject
Project("{FAE04EC0-301F-11D3-BF4B-00C04F79EFBC}") = "MovieHub.Provider", "MovieHub.TheMovieDatabase.Client\MovieHub.Provider.csproj", "{83816001-3FC4-4C09-AF94-2FA90FAEA354}"
EndProject
Project("{2150E333-8FDC-42A3-9474-1A3956D46DE8}") = "Tests", "Tests", "{51B6A4A9-1C0E-47D2-800A-0F2ED29376EC}"
EndProject
Project("{FAE04EC0-301F-11D3-BF4B-00C04F79EFBC}") = "MovieHub.Provider.Test", "MovieHub.Provider.Test\MovieHub.Provider.Test.csproj", "{28486AD8-00A6-4225-8FC4-89D98D052376}"
EndProject
Global
	GlobalSection(SolutionConfigurationPlatforms) = preSolution
		Debug|Any CPU = Debug|Any CPU
		Release|Any CPU = Release|Any CPU
	EndGlobalSection
	GlobalSection(ProjectConfigurationPlatforms) = postSolution
		{0FDF6C54-4FFB-49C9-97DF-2DD1BB2AF936}.Debug|Any CPU.ActiveCfg = Debug|Any CPU
		{0FDF6C54-4FFB-49C9-97DF-2DD1BB2AF936}.Debug|Any CPU.Build.0 = Debug|Any CPU
		{0FDF6C54-4FFB-49C9-97DF-2DD1BB2AF936}.Release|Any CPU.ActiveCfg = Release|Any CPU
		{0FDF6C54-4FFB-49C9-97DF-2DD1BB2AF936}.Release|Any CPU.Build.0 = Release|Any CPU
		{83816001-3FC4-4C09-AF94-2FA90FAEA354}.Debug|Any CPU.ActiveCfg = Debug|Any CPU
		{83816001-3FC4-4C09-AF94-2FA90FAEA354}.Debug|Any CPU.Build.0 = Debug|Any CPU
		{83816001-3FC4-4C09-AF94-2FA90FAEA354}.Release|Any CPU.ActiveCfg = Release|Any CPU
		{83816001-3FC4-4C09-AF94-2FA90FAEA354}.Release|Any CPU.Build.0 = Release|Any CPU
		{28486AD8-00A6-4225-8FC4-89D98D052376}.Debug|Any CPU.ActiveCfg = Debug|Any CPU
		{28486AD8-00A6-4225-8FC4-89D98D052376}.Debug|Any CPU.Build.0 = Debug|Any CPU
		{28486AD8-00A6-4225-8FC4-89D98D052376}.Release|Any CPU.ActiveCfg = Release|Any CPU
		{28486AD8-00A6-4225-8FC4-89D98D052376}.Release|Any CPU.Build.0 = Release|Any CPU
	EndGlobalSection
	GlobalSection(SolutionProperties) = preSolution
		HideSolutionNode = FALSE
	EndGlobalSection
	GlobalSection(NestedProjects) = preSolution
		{28486AD8-00A6-4225-8FC4-89D98D052376} = {51B6A4A9-1C0E-47D2-800A-0F2ED29376EC}
	EndGlobalSection
	GlobalSection(ExtensibilityGlobals) = postSolution
		SolutionGuid = {8F848960-B9BA-4730-B890-08548B6A481D}
	EndGlobalSection
EndGlobal
